
Microsoft Visual Studio Solution File, Format Version 12.00
# Visual Studio Version 16
VisualStudioVersion = 16.0.31829.152
MinimumVisualStudioVersion = 10.0.40219.1
Project("{9A19103F-16F7-4668-BE54-9A1E7A4F7556}") = "CursoMVC", "CursoMVC\CursoMVC.csproj", "{4F4B8031-332F-4F77-BBA6-0958A608632B}"
EndProject
Project("{FAE04EC0-301F-11D3-BF4B-00C04F79EFBC}") = "CursoAPI", "CursoAPI\CursoAPI.csproj", "{699609DE-0BD7-40F8-BF7B-05AC23C4DCF7}"
EndProject
Project("{FAE04EC0-301F-11D3-BF4B-00C04F79EFBC}") = "CursoTeste", "CursoTeste\CursoTeste.csproj", "{D28D937E-294E-433B-8274-1885FA6D408D}"
EndProject
Global
	GlobalSection(SolutionConfigurationPlatforms) = preSolution
		Debug|Any CPU = Debug|Any CPU
		Release|Any CPU = Release|Any CPU
	EndGlobalSection
	GlobalSection(ProjectConfigurationPlatforms) = postSolution
		{4F4B8031-332F-4F77-BBA6-0958A608632B}.Debug|Any CPU.ActiveCfg = Debug|Any CPU
		{4F4B8031-332F-4F77-BBA6-0958A608632B}.Debug|Any CPU.Build.0 = Debug|Any CPU
		{4F4B8031-332F-4F77-BBA6-0958A608632B}.Release|Any CPU.ActiveCfg = Release|Any CPU
		{4F4B8031-332F-4F77-BBA6-0958A608632B}.Release|Any CPU.Build.0 = Release|Any CPU
		{699609DE-0BD7-40F8-BF7B-05AC23C4DCF7}.Debug|Any CPU.ActiveCfg = Debug|Any CPU
		{699609DE-0BD7-40F8-BF7B-05AC23C4DCF7}.Debug|Any CPU.Build.0 = Debug|Any CPU
		{699609DE-0BD7-40F8-BF7B-05AC23C4DCF7}.Release|Any CPU.ActiveCfg = Release|Any CPU
		{699609DE-0BD7-40F8-BF7B-05AC23C4DCF7}.Release|Any CPU.Build.0 = Release|Any CPU
		{D28D937E-294E-433B-8274-1885FA6D408D}.Debug|Any CPU.ActiveCfg = Debug|Any CPU
		{D28D937E-294E-433B-8274-1885FA6D408D}.Debug|Any CPU.Build.0 = Debug|Any CPU
		{D28D937E-294E-433B-8274-1885FA6D408D}.Release|Any CPU.ActiveCfg = Release|Any CPU
		{D28D937E-294E-433B-8274-1885FA6D408D}.Release|Any CPU.Build.0 = Release|Any CPU
	EndGlobalSection
	GlobalSection(SolutionProperties) = preSolution
		HideSolutionNode = FALSE
	EndGlobalSection
	GlobalSection(ExtensibilityGlobals) = postSolution
		SolutionGuid = {96D49A7E-B3D8-4DAC-A2FD-0DCC3567F7F5}
	EndGlobalSection
EndGlobal
